{
    "name": "jwk-deployment",
    "version": "1.0.0",
    "lockfileVersion": 2,
    "requires": true,
    "packages": {
        "": {
            "name": "jwk-deployment",
            "version": "1.0.0",
            "license": "Apache-2.0",
            "dependencies": {
                "jose": "^4.6.0",
                "jsrsasign": "^10.5.20"
            }
        },
        "node_modules/jose": {
            "version": "4.8.0",
            "resolved": "https://registry.npmjs.org/jose/-/jose-4.8.0.tgz",
            "integrity": "sha512-XmcX4PdqRlfDCSn9UPAvGoVylQxuJxtCZNlX4U0KgmOSHUvxYCalgnU/JNdNJQ20mGth3+xrPSkFj9rxS9tYWQ==",
            "funding": {
                "url": "https://github.com/sponsors/panva"
            }
        },
        "node_modules/jsrsasign": {
            "version": "10.5.20",
            "resolved": "https://registry.npmjs.org/jsrsasign/-/jsrsasign-10.5.20.tgz",
            "integrity": "sha512-YHL6y8o6cnRoxwUY0eGpfvwj0pm9o0NToD4KXVp2UJC19oXSR2RgnSdSMplIRRKFovLAJGrAHqdb5MMznnhQDQ==",
            "funding": {
                "url": "https://github.com/kjur/jsrsasign#donations"
            }
        }
    },
    "dependencies": {
        "jose": {
            "version": "4.8.0",
            "resolved": "https://registry.npmjs.org/jose/-/jose-4.8.0.tgz",
            "integrity": "sha512-XmcX4PdqRlfDCSn9UPAvGoVylQxuJxtCZNlX4U0KgmOSHUvxYCalgnU/JNdNJQ20mGth3+xrPSkFj9rxS9tYWQ=="
        },
        "jsrsasign": {
            "version": "10.5.20",
            "resolved": "https://registry.npmjs.org/jsrsasign/-/jsrsasign-10.5.20.tgz",
            "integrity": "sha512-YHL6y8o6cnRoxwUY0eGpfvwj0pm9o0NToD4KXVp2UJC19oXSR2RgnSdSMplIRRKFovLAJGrAHqdb5MMznnhQDQ=="
        }
    }
}
