{
    "name": "key-distribution",
    "version": "1.0.0",
    "lockfileVersion": 2,
    "requires": true,
    "packages": {
        "": {
            "name": "key-distribution",
            "version": "1.0.0",
            "license": "Apache-2.0",
            "dependencies": {
                "jose": "^4.6.0",
                "jsrsasign": "^10.5.20"
            }
        },
        "node_modules/jose": {
            "version": "4.14.6",
            "resolved": "https://registry.npmjs.org/jose/-/jose-4.14.6.tgz",
            "integrity": "sha512-EqJPEUlZD0/CSUMubKtMaYUOtWe91tZXTWMJZoKSbLk+KtdhNdcvppH8lA9XwVu2V4Ailvsj0GBZJ2ZwDjfesQ==",
            "funding": {
                "url": "https://github.com/sponsors/panva"
            }
        },
        "node_modules/jsrsasign": {
            "version": "10.8.6",
            "resolved": "https://registry.npmjs.org/jsrsasign/-/jsrsasign-10.8.6.tgz",
            "integrity": "sha512-bQmbVtsfbgaKBTWCKiDCPlUPbdlRIK/FzSwT3BzIgZl/cU6TqXu6pZJsCI/dJVrZ9Gir5GC4woqw9shH/v7MBw==",
            "funding": {
                "url": "https://github.com/kjur/jsrsasign#donations"
            }
        }
    },
    "dependencies": {
        "jose": {
            "version": "4.14.6",
            "resolved": "https://registry.npmjs.org/jose/-/jose-4.14.6.tgz",
            "integrity": "sha512-EqJPEUlZD0/CSUMubKtMaYUOtWe91tZXTWMJZoKSbLk+KtdhNdcvppH8lA9XwVu2V4Ailvsj0GBZJ2ZwDjfesQ=="
        },
        "jsrsasign": {
            "version": "10.8.6",
            "resolved": "https://registry.npmjs.org/jsrsasign/-/jsrsasign-10.8.6.tgz",
            "integrity": "sha512-bQmbVtsfbgaKBTWCKiDCPlUPbdlRIK/FzSwT3BzIgZl/cU6TqXu6pZJsCI/dJVrZ9Gir5GC4woqw9shH/v7MBw=="
        }
    }
}
